
Microsoft Visual Studio Solution File, Format Version 12.00
# Visual Studio Version 17
VisualStudioVersion = 17.6.33513.286
MinimumVisualStudioVersion = 10.0.40219.1
Project("{9A19103F-16F7-4668-BE54-9A1E7A4F7556}") = "MicrosoftGraph", "src\Connectors\MicrosoftGraph\MicrosoftGraph.csproj", "{E7BD9F58-2807-4A8E-88A5-6DD0209D1AFB}"
EndProject
Project("{9A19103F-16F7-4668-BE54-9A1E7A4F7556}") = "GitHub", "src\Connectors\GitHub\GitHub.csproj", "{345E5C25-8C0D-41D4-8D7B-9E47B0E3A4E6}"
EndProject
Project("{2150E333-8FDC-42A3-9474-1A3956D46DE8}") = "Connectors", "Connectors", "{E4E45EA9-0A6A-4906-AA64-EC989258CBEB}"
EndProject
Project("{2150E333-8FDC-42A3-9474-1A3956D46DE8}") = "src", "src", "{4590EF4E-5022-4392-BC52-4FB5AE2C2E4E}"
EndProject
Project("{9A19103F-16F7-4668-BE54-9A1E7A4F7556}") = "AzureDevOps", "src\Connectors\AzureDevOps\AzureDevOps.csproj", "{8DEC9812-9C5F-4200-87FB-14DD44CB6FE6}"
EndProject
Project("{2150E333-8FDC-42A3-9474-1A3956D46DE8}") = "MarkdownTable", "MarkdownTable", "{99756133-4C56-4304-B60A-57E287B4AB31}"
EndProject
Project("{9A19103F-16F7-4668-BE54-9A1E7A4F7556}") = "OfficeInterop", "src\Connectors\OfficeInterop\OfficeInterop.csproj", "{202FEE97-7766-41FC-A073-82393B082B64}"
EndProject
Project("{2150E333-8FDC-42A3-9474-1A3956D46DE8}") = "tests", "tests", "{0B30A40A-F5EA-40A7-B2AE-07B6CBF6225D}"
EndProject
Project("{FAE04EC0-301F-11D3-BF4B-00C04F79EFBC}") = "OfficeInteropTests", "tests\Connectors\OfficeInterop\OfficeInteropTests.csproj", "{666F9C61-2FAC-4A68-9976-31ECF0D8BB1F}"
EndProject
Project("{2150E333-8FDC-42A3-9474-1A3956D46DE8}") = "Connectors", "Connectors", "{FEE1E804-1812-4661-80FA-BE35173C5A05}"
EndProject
Project("{2150E333-8FDC-42A3-9474-1A3956D46DE8}") = "Solution Items", "Solution Items", "{6FAF8595-960A-4811-A070-0A247F1CD724}"
	ProjectSection(SolutionItems) = preProject
		.gitignore = .gitignore
		LICENSE = LICENSE
		README.md = README.md
	EndProjectSection
EndProject
Project("{FAE04EC0-301F-11D3-BF4B-00C04F79EFBC}") = "MarkdownTable", "src\MarkdownTable\MarkdownTable.csproj", "{5F7F48DA-BE8C-4891-B7EF-AC4BFE937C94}"
EndProject
Project("{2150E333-8FDC-42A3-9474-1A3956D46DE8}") = "CommitCollector", "CommitCollector", "{5E0049F1-7792-4117-B3E0-0B042BCED69C}"
EndProject
Project("{FAE04EC0-301F-11D3-BF4B-00C04F79EFBC}") = "CommitCollector", "src\CommitCollector\CommitCollector.csproj", "{9EA6D73B-2512-412A-BFAC-4F4B386BCC8D}"
EndProject
Project("{FAE04EC0-301F-11D3-BF4B-00C04F79EFBC}") = "CommitCollectorTests", "tests\CommitCollector\CommitCollectorTests.csproj", "{1BF972EB-21E7-4260-9CD6-02DAE379B27F}"
EndProject
Project("{FAE04EC0-301F-11D3-BF4B-00C04F79EFBC}") = "CommitCollectorAzDO", "src\CommitCollectorAzDO\CommitCollectorAzDO.csproj", "{A1B2C3D4-5E6F-7A8B-9C0D-1E2F3A4B5C6D}"
EndProject
Global
	GlobalSection(SolutionConfigurationPlatforms) = preSolution
		Debug|Any CPU = Debug|Any CPU
		Debug|x64 = Debug|x64
		Debug|x86 = Debug|x86
		Release|Any CPU = Release|Any CPU
		Release|x64 = Release|x64
		Release|x86 = Release|x86
	EndGlobalSection
	GlobalSection(ProjectConfigurationPlatforms) = postSolution
		{E7BD9F58-2807-4A8E-88A5-6DD0209D1AFB}.Debug|Any CPU.ActiveCfg = Debug|Any CPU
		{E7BD9F58-2807-4A8E-88A5-6DD0209D1AFB}.Debug|Any CPU.Build.0 = Debug|Any CPU
		{E7BD9F58-2807-4A8E-88A5-6DD0209D1AFB}.Debug|x64.ActiveCfg = Debug|Any CPU
		{E7BD9F58-2807-4A8E-88A5-6DD0209D1AFB}.Debug|x64.Build.0 = Debug|Any CPU
		{E7BD9F58-2807-4A8E-88A5-6DD0209D1AFB}.Debug|x86.ActiveCfg = Debug|Any CPU
		{E7BD9F58-2807-4A8E-88A5-6DD0209D1AFB}.Debug|x86.Build.0 = Debug|Any CPU
		{E7BD9F58-2807-4A8E-88A5-6DD0209D1AFB}.Release|Any CPU.ActiveCfg = Release|Any CPU
		{E7BD9F58-2807-4A8E-88A5-6DD0209D1AFB}.Release|Any CPU.Build.0 = Release|Any CPU
		{E7BD9F58-2807-4A8E-88A5-6DD0209D1AFB}.Release|x64.ActiveCfg = Release|Any CPU
		{E7BD9F58-2807-4A8E-88A5-6DD0209D1AFB}.Release|x64.Build.0 = Release|Any CPU
		{E7BD9F58-2807-4A8E-88A5-6DD0209D1AFB}.Release|x86.ActiveCfg = Release|Any CPU
		{E7BD9F58-2807-4A8E-88A5-6DD0209D1AFB}.Release|x86.Build.0 = Release|Any CPU
		{345E5C25-8C0D-41D4-8D7B-9E47B0E3A4E6}.Debug|Any CPU.ActiveCfg = Debug|Any CPU
		{345E5C25-8C0D-41D4-8D7B-9E47B0E3A4E6}.Debug|Any CPU.Build.0 = Debug|Any CPU
		{345E5C25-8C0D-41D4-8D7B-9E47B0E3A4E6}.Debug|x64.ActiveCfg = Debug|Any CPU
		{345E5C25-8C0D-41D4-8D7B-9E47B0E3A4E6}.Debug|x64.Build.0 = Debug|Any CPU
		{345E5C25-8C0D-41D4-8D7B-9E47B0E3A4E6}.Debug|x86.ActiveCfg = Debug|Any CPU
		{345E5C25-8C0D-41D4-8D7B-9E47B0E3A4E6}.Debug|x86.Build.0 = Debug|Any CPU
		{345E5C25-8C0D-41D4-8D7B-9E47B0E3A4E6}.Release|Any CPU.ActiveCfg = Release|Any CPU
		{345E5C25-8C0D-41D4-8D7B-9E47B0E3A4E6}.Release|Any CPU.Build.0 = Release|Any CPU
		{345E5C25-8C0D-41D4-8D7B-9E47B0E3A4E6}.Release|x64.ActiveCfg = Release|Any CPU
		{345E5C25-8C0D-41D4-8D7B-9E47B0E3A4E6}.Release|x64.Build.0 = Release|Any CPU
		{345E5C25-8C0D-41D4-8D7B-9E47B0E3A4E6}.Release|x86.ActiveCfg = Release|Any CPU
		{345E5C25-8C0D-41D4-8D7B-9E47B0E3A4E6}.Release|x86.Build.0 = Release|Any CPU
		{8DEC9812-9C5F-4200-87FB-14DD44CB6FE6}.Debug|Any CPU.ActiveCfg = Debug|Any CPU
		{8DEC9812-9C5F-4200-87FB-14DD44CB6FE6}.Debug|Any CPU.Build.0 = Debug|Any CPU
		{8DEC9812-9C5F-4200-87FB-14DD44CB6FE6}.Debug|x64.ActiveCfg = Debug|Any CPU
		{8DEC9812-9C5F-4200-87FB-14DD44CB6FE6}.Debug|x64.Build.0 = Debug|Any CPU
		{8DEC9812-9C5F-4200-87FB-14DD44CB6FE6}.Debug|x86.ActiveCfg = Debug|Any CPU
		{8DEC9812-9C5F-4200-87FB-14DD44CB6FE6}.Debug|x86.Build.0 = Debug|Any CPU
		{8DEC9812-9C5F-4200-87FB-14DD44CB6FE6}.Release|Any CPU.ActiveCfg = Release|Any CPU
		{8DEC9812-9C5F-4200-87FB-14DD44CB6FE6}.Release|Any CPU.Build.0 = Release|Any CPU
		{8DEC9812-9C5F-4200-87FB-14DD44CB6FE6}.Release|x64.ActiveCfg = Release|Any CPU
		{8DEC9812-9C5F-4200-87FB-14DD44CB6FE6}.Release|x64.Build.0 = Release|Any CPU
		{8DEC9812-9C5F-4200-87FB-14DD44CB6FE6}.Release|x86.ActiveCfg = Release|Any CPU
		{8DEC9812-9C5F-4200-87FB-14DD44CB6FE6}.Release|x86.Build.0 = Release|Any CPU
		{202FEE97-7766-41FC-A073-82393B082B64}.Debug|Any CPU.ActiveCfg = Debug|Any CPU
		{202FEE97-7766-41FC-A073-82393B082B64}.Debug|Any CPU.Build.0 = Debug|Any CPU
		{202FEE97-7766-41FC-A073-82393B082B64}.Debug|x64.ActiveCfg = Debug|Any CPU
		{202FEE97-7766-41FC-A073-82393B082B64}.Debug|x64.Build.0 = Debug|Any CPU
		{202FEE97-7766-41FC-A073-82393B082B64}.Debug|x86.ActiveCfg = Debug|Any CPU
		{202FEE97-7766-41FC-A073-82393B082B64}.Debug|x86.Build.0 = Debug|Any CPU
		{202FEE97-7766-41FC-A073-82393B082B64}.Release|Any CPU.ActiveCfg = Release|Any CPU
		{202FEE97-7766-41FC-A073-82393B082B64}.Release|Any CPU.Build.0 = Release|Any CPU
		{202FEE97-7766-41FC-A073-82393B082B64}.Release|x64.ActiveCfg = Release|Any CPU
		{202FEE97-7766-41FC-A073-82393B082B64}.Release|x64.Build.0 = Release|Any CPU
		{202FEE97-7766-41FC-A073-82393B082B64}.Release|x86.ActiveCfg = Release|Any CPU
		{202FEE97-7766-41FC-A073-82393B082B64}.Release|x86.Build.0 = Release|Any CPU
		{666F9C61-2FAC-4A68-9976-31ECF0D8BB1F}.Debug|Any CPU.ActiveCfg = Debug|Any CPU
		{666F9C61-2FAC-4A68-9976-31ECF0D8BB1F}.Debug|Any CPU.Build.0 = Debug|Any CPU
		{666F9C61-2FAC-4A68-9976-31ECF0D8BB1F}.Debug|x64.ActiveCfg = Debug|Any CPU
		{666F9C61-2FAC-4A68-9976-31ECF0D8BB1F}.Debug|x64.Build.0 = Debug|Any CPU
		{666F9C61-2FAC-4A68-9976-31ECF0D8BB1F}.Debug|x86.ActiveCfg = Debug|Any CPU
		{666F9C61-2FAC-4A68-9976-31ECF0D8BB1F}.Debug|x86.Build.0 = Debug|Any CPU
		{666F9C61-2FAC-4A68-9976-31ECF0D8BB1F}.Release|Any CPU.ActiveCfg = Release|Any CPU
		{666F9C61-2FAC-4A68-9976-31ECF0D8BB1F}.Release|Any CPU.Build.0 = Release|Any CPU
		{666F9C61-2FAC-4A68-9976-31ECF0D8BB1F}.Release|x64.ActiveCfg = Release|Any CPU
		{666F9C61-2FAC-4A68-9976-31ECF0D8BB1F}.Release|x64.Build.0 = Release|Any CPU
		{666F9C61-2FAC-4A68-9976-31ECF0D8BB1F}.Release|x86.ActiveCfg = Release|Any CPU
		{666F9C61-2FAC-4A68-9976-31ECF0D8BB1F}.Release|x86.Build.0 = Release|Any CPU
		{5F7F48DA-BE8C-4891-B7EF-AC4BFE937C94}.Debug|Any CPU.ActiveCfg = Debug|Any CPU
		{5F7F48DA-BE8C-4891-B7EF-AC4BFE937C94}.Debug|Any CPU.Build.0 = Debug|Any CPU
		{5F7F48DA-BE8C-4891-B7EF-AC4BFE937C94}.Debug|x64.ActiveCfg = Debug|Any CPU
		{5F7F48DA-BE8C-4891-B7EF-AC4BFE937C94}.Debug|x64.Build.0 = Debug|Any CPU
		{5F7F48DA-BE8C-4891-B7EF-AC4BFE937C94}.Debug|x86.ActiveCfg = Debug|Any CPU
		{5F7F48DA-BE8C-4891-B7EF-AC4BFE937C94}.Debug|x86.Build.0 = Debug|Any CPU
		{5F7F48DA-BE8C-4891-B7EF-AC4BFE937C94}.Release|Any CPU.ActiveCfg = Release|Any CPU
		{5F7F48DA-BE8C-4891-B7EF-AC4BFE937C94}.Release|Any CPU.Build.0 = Release|Any CPU
		{5F7F48DA-BE8C-4891-B7EF-AC4BFE937C94}.Release|x64.ActiveCfg = Release|Any CPU
		{5F7F48DA-BE8C-4891-B7EF-AC4BFE937C94}.Release|x64.Build.0 = Release|Any CPU
		{5F7F48DA-BE8C-4891-B7EF-AC4BFE937C94}.Release|x86.ActiveCfg = Release|Any CPU
		{5F7F48DA-BE8C-4891-B7EF-AC4BFE937C94}.Release|x86.Build.0 = Release|Any CPU
		{9EA6D73B-2512-412A-BFAC-4F4B386BCC8D}.Debug|Any CPU.ActiveCfg = Debug|Any CPU
		{9EA6D73B-2512-412A-BFAC-4F4B386BCC8D}.Debug|Any CPU.Build.0 = Debug|Any CPU
		{9EA6D73B-2512-412A-BFAC-4F4B386BCC8D}.Debug|x64.ActiveCfg = Debug|Any CPU
		{9EA6D73B-2512-412A-BFAC-4F4B386BCC8D}.Debug|x64.Build.0 = Debug|Any CPU
		{9EA6D73B-2512-412A-BFAC-4F4B386BCC8D}.Debug|x86.ActiveCfg = Debug|Any CPU
		{9EA6D73B-2512-412A-BFAC-4F4B386BCC8D}.Debug|x86.Build.0 = Debug|Any CPU
		{9EA6D73B-2512-412A-BFAC-4F4B386BCC8D}.Release|Any CPU.ActiveCfg = Release|Any CPU
		{9EA6D73B-2512-412A-BFAC-4F4B386BCC8D}.Release|Any CPU.Build.0 = Release|Any CPU
		{9EA6D73B-2512-412A-BFAC-4F4B386BCC8D}.Release|x64.ActiveCfg = Release|Any CPU
		{9EA6D73B-2512-412A-BFAC-4F4B386BCC8D}.Release|x64.Build.0 = Release|Any CPU
		{9EA6D73B-2512-412A-BFAC-4F4B386BCC8D}.Release|x86.ActiveCfg = Release|Any CPU
		{9EA6D73B-2512-412A-BFAC-4F4B386BCC8D}.Release|x86.Build.0 = Release|Any CPU
		{1BF972EB-21E7-4260-9CD6-02DAE379B27F}.Debug|Any CPU.ActiveCfg = Debug|Any CPU
		{1BF972EB-21E7-4260-9CD6-02DAE379B27F}.Debug|Any CPU.Build.0 = Debug|Any CPU
		{1BF972EB-21E7-4260-9CD6-02DAE379B27F}.Debug|x64.ActiveCfg = Debug|Any CPU
		{1BF972EB-21E7-4260-9CD6-02DAE379B27F}.Debug|x64.Build.0 = Debug|Any CPU
		{1BF972EB-21E7-4260-9CD6-02DAE379B27F}.Debug|x86.ActiveCfg = Debug|Any CPU
		{1BF972EB-21E7-4260-9CD6-02DAE379B27F}.Debug|x86.Build.0 = Debug|Any CPU
		{1BF972EB-21E7-4260-9CD6-02DAE379B27F}.Release|Any CPU.ActiveCfg = Release|Any CPU
		{1BF972EB-21E7-4260-9CD6-02DAE379B27F}.Release|Any CPU.Build.0 = Release|Any CPU
		{1BF972EB-21E7-4260-9CD6-02DAE379B27F}.Release|x64.ActiveCfg = Release|Any CPU
		{1BF972EB-21E7-4260-9CD6-02DAE379B27F}.Release|x64.Build.0 = Release|Any CPU
		{1BF972EB-21E7-4260-9CD6-02DAE379B27F}.Release|x86.ActiveCfg = Release|Any CPU
		{1BF972EB-21E7-4260-9CD6-02DAE379B27F}.Release|x86.Build.0 = Release|Any CPU
		{A1B2C3D4-5E6F-7A8B-9C0D-1E2F3A4B5C6D}.Debug|Any CPU.ActiveCfg = Debug|Any CPU
		{A1B2C3D4-5E6F-7A8B-9C0D-1E2F3A4B5C6D}.Debug|Any CPU.Build.0 = Debug|Any CPU
		{A1B2C3D4-5E6F-7A8B-9C0D-1E2F3A4B5C6D}.Debug|x64.ActiveCfg = Debug|Any CPU
		{A1B2C3D4-5E6F-7A8B-9C0D-1E2F3A4B5C6D}.Debug|x64.Build.0 = Debug|Any CPU
		{A1B2C3D4-5E6F-7A8B-9C0D-1E2F3A4B5C6D}.Debug|x86.ActiveCfg = Debug|Any CPU
		{A1B2C3D4-5E6F-7A8B-9C0D-1E2F3A4B5C6D}.Debug|x86.Build.0 = Debug|Any CPU
		{A1B2C3D4-5E6F-7A8B-9C0D-1E2F3A4B5C6D}.Release|Any CPU.ActiveCfg = Release|Any CPU
		{A1B2C3D4-5E6F-7A8B-9C0D-1E2F3A4B5C6D}.Release|Any CPU.Build.0 = Release|Any CPU
		{A1B2C3D4-5E6F-7A8B-9C0D-1E2F3A4B5C6D}.Release|x64.ActiveCfg = Release|Any CPU
		{A1B2C3D4-5E6F-7A8B-9C0D-1E2F3A4B5C6D}.Release|x64.Build.0 = Release|Any CPU
		{A1B2C3D4-5E6F-7A8B-9C0D-1E2F3A4B5C6D}.Release|x86.ActiveCfg = Release|Any CPU
		{A1B2C3D4-5E6F-7A8B-9C0D-1E2F3A4B5C6D}.Release|x86.Build.0 = Release|Any CPU
	EndGlobalSection
	GlobalSection(SolutionProperties) = preSolution
		HideSolutionNode = FALSE
	EndGlobalSection
	GlobalSection(NestedProjects) = preSolution
		{E7BD9F58-2807-4A8E-88A5-6DD0209D1AFB} = {E4E45EA9-0A6A-4906-AA64-EC989258CBEB}
		{345E5C25-8C0D-41D4-8D7B-9E47B0E3A4E6} = {E4E45EA9-0A6A-4906-AA64-EC989258CBEB}
		{E4E45EA9-0A6A-4906-AA64-EC989258CBEB} = {4590EF4E-5022-4392-BC52-4FB5AE2C2E4E}
		{8DEC9812-9C5F-4200-87FB-14DD44CB6FE6} = {E4E45EA9-0A6A-4906-AA64-EC989258CBEB}
		{99756133-4C56-4304-B60A-57E287B4AB31} = {4590EF4E-5022-4392-BC52-4FB5AE2C2E4E}
		{202FEE97-7766-41FC-A073-82393B082B64} = {E4E45EA9-0A6A-4906-AA64-EC989258CBEB}
		{666F9C61-2FAC-4A68-9976-31ECF0D8BB1F} = {FEE1E804-1812-4661-80FA-BE35173C5A05}
		{FEE1E804-1812-4661-80FA-BE35173C5A05} = {0B30A40A-F5EA-40A7-B2AE-07B6CBF6225D}
		{5F7F48DA-BE8C-4891-B7EF-AC4BFE937C94} = {99756133-4C56-4304-B60A-57E287B4AB31}
		{5E0049F1-7792-4117-B3E0-0B042BCED69C} = {4590EF4E-5022-4392-BC52-4FB5AE2C2E4E}
		{9EA6D73B-2512-412A-BFAC-4F4B386BCC8D} = {5E0049F1-7792-4117-B3E0-0B042BCED69C}
		{1BF972EB-21E7-4260-9CD6-02DAE379B27F} = {0B30A40A-F5EA-40A7-B2AE-07B6CBF6225D}
		{A1B2C3D4-5E6F-7A8B-9C0D-1E2F3A4B5C6D} = {5E0049F1-7792-4117-B3E0-0B042BCED69C}
	EndGlobalSection
	GlobalSection(ExtensibilityGlobals) = postSolution
		SolutionGuid = {BFCF519E-6A71-41F1-84D2-30E9E8D27F00}
	EndGlobalSection
EndGlobal
